
Microsoft Visual Studio Solution File, Format Version 12.00
# Visual Studio 15
VisualStudioVersion = 15.0.28307.757
MinimumVisualStudioVersion = 10.0.40219.1
Project("{2150E333-8FDC-42A3-9474-1A3956D46DE8}") = "db", "db", "{70A739FA-D98B-43C7-8262-FD6F716A9257}"
	ProjectSection(SolutionItems) = preProject
		db\datif.sql = db\datif.sql
		db\rekap.sql = db\rekap.sql
	EndProjectSection
EndProject
Project("{2150E333-8FDC-42A3-9474-1A3956D46DE8}") = "Solution Items", "Solution Items", "{61CC22AF-66B2-41E5-817F-A7A699B52FB7}"
	ProjectSection(SolutionItems) = preProject
		README.md = README.md
	EndProjectSection
EndProject
Global
	GlobalSection(SolutionProperties) = preSolution
		HideSolutionNode = FALSE
	EndGlobalSection
	GlobalSection(ExtensibilityGlobals) = postSolution
		SolutionGuid = {C88B2381-23C9-482C-BB1A-39B04A9D5723}
	EndGlobalSection
EndGlobal
